
Microsoft Visual Studio Solution File, Format Version 12.00
# Visual Studio Version 17
VisualStudioVersion = 17.10.35013.160
MinimumVisualStudioVersion = 10.0.40219.1
Project("{2150E333-8FDC-42A3-9474-1A3956D46DE8}") = "Core", "Core", "{7D126B32-3BA7-429A-B568-DF4089A9854F}"
EndProject
Project("{2150E333-8FDC-42A3-9474-1A3956D46DE8}") = "Infrastructure", "Infrastructure", "{FC1DBC83-C0F8-48EF-BA29-275D91398F43}"
EndProject
Project("{2150E333-8FDC-42A3-9474-1A3956D46DE8}") = "Presentation", "Presentation", "{3D5D703B-A9C5-4B75-8B48-974553F82F2A}"
EndProject
Project("{FAE04EC0-301F-11D3-BF4B-00C04F79EFBC}") = "YoutubeApi.Application", "YoutubeApi.Application\YoutubeApi.Application.csproj", "{FE4FCE57-D2DE-481E-B444-349AE788D7F1}"
EndProject
Global
	GlobalSection(SolutionConfigurationPlatforms) = preSolution
		Debug|Any CPU = Debug|Any CPU
		Release|Any CPU = Release|Any CPU
	EndGlobalSection
	GlobalSection(ProjectConfigurationPlatforms) = postSolution
		{FE4FCE57-D2DE-481E-B444-349AE788D7F1}.Debug|Any CPU.ActiveCfg = Debug|Any CPU
		{FE4FCE57-D2DE-481E-B444-349AE788D7F1}.Debug|Any CPU.Build.0 = Debug|Any CPU
		{FE4FCE57-D2DE-481E-B444-349AE788D7F1}.Release|Any CPU.ActiveCfg = Release|Any CPU
		{FE4FCE57-D2DE-481E-B444-349AE788D7F1}.Release|Any CPU.Build.0 = Release|Any CPU
	EndGlobalSection
	GlobalSection(SolutionProperties) = preSolution
		HideSolutionNode = FALSE
	EndGlobalSection
	GlobalSection(NestedProjects) = preSolution
		{FE4FCE57-D2DE-481E-B444-349AE788D7F1} = {7D126B32-3BA7-429A-B568-DF4089A9854F}
	EndGlobalSection
	GlobalSection(ExtensibilityGlobals) = postSolution
		SolutionGuid = {A15A8DA5-119D-4D7B-9E1D-C777F033A786}
	EndGlobalSection
EndGlobal
